<?xml version="1.0" encoding="utf-8"?>
<Project ToolsVersion="4.0" xmlns="http://schemas.microsoft.com/developer/msbuild/2003">
  <ItemGroup>
    <ClCompile Include="Source\Blob.cpp" />
    <ClCompile Include="Source\Engine.cpp" />
    <ClCompile Include="Source\LuaState.cpp" />
    <ClCompile Include="Source\main.cpp" />
    <ClCompile Include="Source\PlayState.cpp" />
    <ClCompile Include="Source\FileHandler.cpp" />
    <ClCompile Include="Source\MenuState.cpp" />
    <ClCompile Include="Source\Button.cpp" />
    <ClCompile Include="Source\EditorState.cpp" />
    <ClCompile Include="Source\Increment.cpp" />
    <ClCompile Include="Source\BlobEdit.cpp" />
  </ItemGroup>
  <ItemGroup>
    <ClInclude Include="Source\Blob.h" />
    <ClInclude Include="Source\Engine.h" />
    <ClInclude Include="Source\LuaState.h" />
    <ClInclude Include="Source\PlayState.h" />
    <ClInclude Include="Source\GameState.h" />
    <ClInclude Include="Source\FileHandler.h" />
    <ClInclude Include="Source\MenuState.h" />
    <ClInclude Include="Source\Button.h" />
    <ClInclude Include="Source\EditorState.h" />
    <ClInclude Include="Source\Increment.h" />
    <ClInclude Include="Source\BlobEdit.h" />
  </ItemGroup>
  <ItemGroup>
    <None Include="Assets\Lua\AI.lua" />
    <None Include="Assets\Lua\Blob.lua" />
    <None Include="Assets\Lua\Color.lua" />
    <None Include="Assets\Lua\Food.lua" />
    <None Include="Assets\Lua\Player.lua" />
    <None Include="Assets\Lua\Utility.lua" />
    <None Include="Assets\Lua\Vector.lua" />
  </ItemGroup>
  <ItemGroup>
    <Text Include="Assets\Blobs.txt" />
  </ItemGroup>
  <ItemGroup>
    <Font Include="Assets\segoeui.ttf" />
  </ItemGroup>
</Project>